
Microsoft Visual Studio Solution File, Format Version 12.00
# Visual Studio Version 17
VisualStudioVersion = 17.11.35327.3
MinimumVisualStudioVersion = 10.0.40219.1
Project("{FAE04EC0-301F-11D3-BF4B-00C04F79EFBC}") = "ContactBook", "ContactBook\ContactBook.csproj", "{9A07FDD3-E811-4047-816D-A6B3E4B6C060}"
EndProject
Project("{FAE04EC0-301F-11D3-BF4B-00C04F79EFBC}") = "ContactBookTest", "ContactBookTest\ContactBookTest.csproj", "{FFF73BEA-C165-4AE3-B59C-BC9621C1A0B9}"
EndProject
Global
	GlobalSection(SolutionConfigurationPlatforms) = preSolution
		Debug|Any CPU = Debug|Any CPU
		Release|Any CPU = Release|Any CPU
	EndGlobalSection
	GlobalSection(ProjectConfigurationPlatforms) = postSolution
		{9A07FDD3-E811-4047-816D-A6B3E4B6C060}.Debug|Any CPU.ActiveCfg = Debug|Any CPU
		{9A07FDD3-E811-4047-816D-A6B3E4B6C060}.Debug|Any CPU.Build.0 = Debug|Any CPU
		{9A07FDD3-E811-4047-816D-A6B3E4B6C060}.Release|Any CPU.ActiveCfg = Release|Any CPU
		{9A07FDD3-E811-4047-816D-A6B3E4B6C060}.Release|Any CPU.Build.0 = Release|Any CPU
		{FFF73BEA-C165-4AE3-B59C-BC9621C1A0B9}.Debug|Any CPU.ActiveCfg = Debug|Any CPU
		{FFF73BEA-C165-4AE3-B59C-BC9621C1A0B9}.Debug|Any CPU.Build.0 = Debug|Any CPU
		{FFF73BEA-C165-4AE3-B59C-BC9621C1A0B9}.Release|Any CPU.ActiveCfg = Release|Any CPU
		{FFF73BEA-C165-4AE3-B59C-BC9621C1A0B9}.Release|Any CPU.Build.0 = Release|Any CPU
	EndGlobalSection
	GlobalSection(SolutionProperties) = preSolution
		HideSolutionNode = FALSE
	EndGlobalSection
	GlobalSection(ExtensibilityGlobals) = postSolution
		SolutionGuid = {E5E1ADDE-06A2-4AB1-B26D-D71E4836C017}
	EndGlobalSection
EndGlobal
